
Microsoft Visual Studio Solution File, Format Version 12.00
# Visual Studio 15
VisualStudioVersion = 15.0.27004.2009
MinimumVisualStudioVersion = 10.0.40219.1
Project("{9A19103F-16F7-4668-BE54-9A1E7A4F7556}") = "Logger", "Src\Logger\Logger.csproj", "{3EB9CE0C-9A8F-4047-9F39-495494370E6B}"
EndProject
Project("{2150E333-8FDC-42A3-9474-1A3956D46DE8}") = "Src", "Src", "{294D2536-92E1-42CA-A4CC-707DE7997E6B}"
EndProject
Project("{2150E333-8FDC-42A3-9474-1A3956D46DE8}") = "Tests", "Tests", "{71DB3761-4128-4B88-895D-11FBAA5444C4}"
EndProject
Project("{2150E333-8FDC-42A3-9474-1A3956D46DE8}") = "Unit.Tests", "Unit.Tests", "{18D682B2-8667-4174-A96A-66D9F5B921CD}"
EndProject
Project("{FAE04EC0-301F-11D3-BF4B-00C04F79EFBC}") = "Logger.Unit.Tests", "Tests\Unit.Tests\Logger.Unit.Tests\Logger.Unit.Tests.csproj", "{CAEEF301-2B11-48DA-9766-200F846CAAAF}"
EndProject
Global
	GlobalSection(SolutionConfigurationPlatforms) = preSolution
		Debug|Any CPU = Debug|Any CPU
		Release|Any CPU = Release|Any CPU
	EndGlobalSection
	GlobalSection(ProjectConfigurationPlatforms) = postSolution
		{3EB9CE0C-9A8F-4047-9F39-495494370E6B}.Debug|Any CPU.ActiveCfg = Debug|Any CPU
		{3EB9CE0C-9A8F-4047-9F39-495494370E6B}.Debug|Any CPU.Build.0 = Debug|Any CPU
		{3EB9CE0C-9A8F-4047-9F39-495494370E6B}.Release|Any CPU.ActiveCfg = Release|Any CPU
		{3EB9CE0C-9A8F-4047-9F39-495494370E6B}.Release|Any CPU.Build.0 = Release|Any CPU
		{CAEEF301-2B11-48DA-9766-200F846CAAAF}.Debug|Any CPU.ActiveCfg = Debug|Any CPU
		{CAEEF301-2B11-48DA-9766-200F846CAAAF}.Debug|Any CPU.Build.0 = Debug|Any CPU
		{CAEEF301-2B11-48DA-9766-200F846CAAAF}.Release|Any CPU.ActiveCfg = Release|Any CPU
		{CAEEF301-2B11-48DA-9766-200F846CAAAF}.Release|Any CPU.Build.0 = Release|Any CPU
	EndGlobalSection
	GlobalSection(SolutionProperties) = preSolution
		HideSolutionNode = FALSE
	EndGlobalSection
	GlobalSection(NestedProjects) = preSolution
		{3EB9CE0C-9A8F-4047-9F39-495494370E6B} = {294D2536-92E1-42CA-A4CC-707DE7997E6B}
		{18D682B2-8667-4174-A96A-66D9F5B921CD} = {71DB3761-4128-4B88-895D-11FBAA5444C4}
		{CAEEF301-2B11-48DA-9766-200F846CAAAF} = {18D682B2-8667-4174-A96A-66D9F5B921CD}
	EndGlobalSection
	GlobalSection(ExtensibilityGlobals) = postSolution
		SolutionGuid = {C18F92D2-AB6F-4FF8-A783-8B579EDA7370}
	EndGlobalSection
EndGlobal
